
Microsoft Visual Studio Solution File, Format Version 12.00
# Visual Studio Version 17
VisualStudioVersion = 17.13.35828.75 d17.13
MinimumVisualStudioVersion = 10.0.40219.1
Project("{8BC9CEB8-8B4A-11D0-8D11-00A0C91BC942}") = "Лабораторная работа № 2", "Лабораторная работа № 2\Лабораторная работа № 2.vcxproj", "{234288FA-02DB-49D6-AD48-A169532C0184}"
EndProject
Global
	GlobalSection(SolutionConfigurationPlatforms) = preSolution
		Debug|x64 = Debug|x64
		Debug|x86 = Debug|x86
		Release|x64 = Release|x64
		Release|x86 = Release|x86
	EndGlobalSection
	GlobalSection(ProjectConfigurationPlatforms) = postSolution
		{234288FA-02DB-49D6-AD48-A169532C0184}.Debug|x64.ActiveCfg = Debug|x64
		{234288FA-02DB-49D6-AD48-A169532C0184}.Debug|x64.Build.0 = Debug|x64
		{234288FA-02DB-49D6-AD48-A169532C0184}.Debug|x86.ActiveCfg = Debug|Win32
		{234288FA-02DB-49D6-AD48-A169532C0184}.Debug|x86.Build.0 = Debug|Win32
		{234288FA-02DB-49D6-AD48-A169532C0184}.Release|x64.ActiveCfg = Release|x64
		{234288FA-02DB-49D6-AD48-A169532C0184}.Release|x64.Build.0 = Release|x64
		{234288FA-02DB-49D6-AD48-A169532C0184}.Release|x86.ActiveCfg = Release|Win32
		{234288FA-02DB-49D6-AD48-A169532C0184}.Release|x86.Build.0 = Release|Win32
	EndGlobalSection
	GlobalSection(SolutionProperties) = preSolution
		HideSolutionNode = FALSE
	EndGlobalSection
	GlobalSection(ExtensibilityGlobals) = postSolution
		SolutionGuid = {4D24CD98-66ED-473F-AE86-C82C47CDF093}
	EndGlobalSection
EndGlobal
